# THIS IS AN AUTOGENERATED FILE. DO NOT EDIT THIS FILE DIRECTLY.
# yarn lockfile v1


"@openzeppelin/contracts-upgradeable@^5.0.2":
  version "5.0.2"
  resolved "https://registry.yarnpkg.com/@openzeppelin/contracts-upgradeable/-/contracts-upgradeable-5.0.2.tgz#3e5321a2ecdd0b206064356798c21225b6ec7105"
  integrity sha512-0MmkHSHiW2NRFiT9/r5Lu4eJq5UJ4/tzlOgYXNAIj/ONkQTVnz22pLxDvp4C4uZ9he7ZFvGn3Driptn1/iU7tQ==

"@openzeppelin/contracts@^5.0.2":
  version "5.0.2"
  resolved "https://registry.yarnpkg.com/@openzeppelin/contracts/-/contracts-5.0.2.tgz#b1d03075e49290d06570b2fd42154d76c2a5d210"
  integrity sha512-ytPc6eLGcHHnapAZ9S+5qsdomhjo6QBHTDRRBFfTxXIpsicMhVPouPgmUPebZZZGX7vt9USA+Z+0M0dSVtSUEA==
